
Microsoft Visual Studio Solution File, Format Version 12.00
# Visual Studio Version 16
VisualStudioVersion = 16.0.31105.61
MinimumVisualStudioVersion = 10.0.40219.1
Project("{FAE04EC0-301F-11D3-BF4B-00C04F79EFBC}") = "Practices", "Practices\Practices.csproj", "{31EC7D88-194D-4D86-A283-CC243A41893B}"
EndProject
Global
	GlobalSection(SolutionConfigurationPlatforms) = preSolution
		Debug|Any CPU = Debug|Any CPU
		Release|Any CPU = Release|Any CPU
	EndGlobalSection
	GlobalSection(ProjectConfigurationPlatforms) = postSolution
		{31EC7D88-194D-4D86-A283-CC243A41893B}.Debug|Any CPU.ActiveCfg = Debug|Any CPU
		{31EC7D88-194D-4D86-A283-CC243A41893B}.Debug|Any CPU.Build.0 = Debug|Any CPU
		{31EC7D88-194D-4D86-A283-CC243A41893B}.Release|Any CPU.ActiveCfg = Release|Any CPU
		{31EC7D88-194D-4D86-A283-CC243A41893B}.Release|Any CPU.Build.0 = Release|Any CPU
	EndGlobalSection
	GlobalSection(SolutionProperties) = preSolution
		HideSolutionNode = FALSE
	EndGlobalSection
	GlobalSection(ExtensibilityGlobals) = postSolution
		SolutionGuid = {7C01A769-CEFA-4D04-889F-593DEF3BA5C0}
	EndGlobalSection
EndGlobal
